
Microsoft Visual Studio Solution File, Format Version 12.00
# Visual Studio Version 17
VisualStudioVersion = 17.10.35122.118
MinimumVisualStudioVersion = 10.0.40219.1
Project("{9A19103F-16F7-4668-BE54-9A1E7A4F7556}") = "WinFormTutorial", "WinFormTutorial\WinFormTutorial.csproj", "{6119BEFA-02B9-4554-8B93-B03B3D96C3CA}"
EndProject
Project("{FAE04EC0-301F-11D3-BF4B-00C04F79EFBC}") = "KutuphaneUygulaması", "KutuphaneUygulaması\KutuphaneUygulaması.csproj", "{4890CA57-9965-495C-B505-472D40485990}"
EndProject
Global
	GlobalSection(SolutionConfigurationPlatforms) = preSolution
		Debug|Any CPU = Debug|Any CPU
		Release|Any CPU = Release|Any CPU
	EndGlobalSection
	GlobalSection(ProjectConfigurationPlatforms) = postSolution
		{6119BEFA-02B9-4554-8B93-B03B3D96C3CA}.Debug|Any CPU.ActiveCfg = Debug|Any CPU
		{6119BEFA-02B9-4554-8B93-B03B3D96C3CA}.Debug|Any CPU.Build.0 = Debug|Any CPU
		{6119BEFA-02B9-4554-8B93-B03B3D96C3CA}.Release|Any CPU.ActiveCfg = Release|Any CPU
		{6119BEFA-02B9-4554-8B93-B03B3D96C3CA}.Release|Any CPU.Build.0 = Release|Any CPU
		{4890CA57-9965-495C-B505-472D40485990}.Debug|Any CPU.ActiveCfg = Debug|Any CPU
		{4890CA57-9965-495C-B505-472D40485990}.Debug|Any CPU.Build.0 = Debug|Any CPU
		{4890CA57-9965-495C-B505-472D40485990}.Release|Any CPU.ActiveCfg = Release|Any CPU
		{4890CA57-9965-495C-B505-472D40485990}.Release|Any CPU.Build.0 = Release|Any CPU
	EndGlobalSection
	GlobalSection(SolutionProperties) = preSolution
		HideSolutionNode = FALSE
	EndGlobalSection
	GlobalSection(ExtensibilityGlobals) = postSolution
		SolutionGuid = {F43161BD-8561-40ED-9E20-4C81CBD0F2CC}
	EndGlobalSection
EndGlobal
